// !$*UTF8*$!
{
	archiveVersion = 1;
	classes = {
	};
	objectVersion = 56;
	objects = {

/* Begin PBXBuildFile section */
		E7E2CB2F2CE7834D003FA20E /* HabitSyncApp.swift in Sources */ = {isa = PBXBuildFile; fileRef = E7E2CB2E2CE7834D003FA20E /* HabitSyncApp.swift */; };
		E7E2CB332CE78350003FA20E /* Assets.xcassets in Resources */ = {isa = PBXBuildFile; fileRef = E7E2CB322CE78350003FA20E /* Assets.xcassets */; };
		E7E2CB362CE78350003FA20E /* Preview Assets.xcassets in Resources */ = {isa = PBXBuildFile; fileRef = E7E2CB352CE78350003FA20E /* Preview Assets.xcassets */; };
		E7E2CB422CE7863B003FA20E /* Alamofire in Frameworks */ = {isa = PBXBuildFile; productRef = E7E2CB412CE7863B003FA20E /* Alamofire */; };
		E7E2CB462CE78650003FA20E /* User.swift in Sources */ = {isa = PBXBuildFile; fileRef = E7E2CB452CE78650003FA20E /* User.swift */; };
		E7E2CB482CE7867E003FA20E /* AuthViewModel.swift in Sources */ = {isa = PBXBuildFile; fileRef = E7E2CB472CE7867E003FA20E /* AuthViewModel.swift */; };
		E7E2CB4A2CE7869A003FA20E /* AuthView.swift in Sources */ = {isa = PBXBuildFile; fileRef = E7E2CB492CE7869A003FA20E /* AuthView.swift */; };
/* End PBXBuildFile section */

/* Begin PBXCopyFilesBuildPhase section */
		E7E2CB4C2CE79221003FA20E /* Embed Frameworks */ = {
			isa = PBXCopyFilesBuildPhase;
			buildActionMask = 2147483647;
			dstPath = "";
			dstSubfolderSpec = 10;
			files = (
			);
			name = "Embed Frameworks";
			runOnlyForDeploymentPostprocessing = 0;
		};
/* End PBXCopyFilesBuildPhase section */

/* Begin PBXFileReference section */
		E7E2CB2B2CE7834D003FA20E /* HabitSync.app */ = {isa = PBXFileReference; explicitFileType = wrapper.application; includeInIndex = 0; path = HabitSync.app; sourceTree = BUILT_PRODUCTS_DIR; };
		E7E2CB2E2CE7834D003FA20E /* HabitSyncApp.swift */ = {isa = PBXFileReference; lastKnownFileType = sourcecode.swift; path = HabitSyncApp.swift; sourceTree = "<group>"; };
		E7E2CB322CE78350003FA20E /* Assets.xcassets */ = {isa = PBXFileReference; lastKnownFileType = folder.assetcatalog; path = Assets.xcassets; sourceTree = "<group>"; };
		E7E2CB352CE78350003FA20E /* Preview Assets.xcassets */ = {isa = PBXFileReference; lastKnownFileType = folder.assetcatalog; path = "Preview Assets.xcassets"; sourceTree = "<group>"; };
		E7E2CB452CE78650003FA20E /* User.swift */ = {isa = PBXFileReference; lastKnownFileType = sourcecode.swift; path = User.swift; sourceTree = "<group>"; };
		E7E2CB472CE7867E003FA20E /* AuthViewModel.swift */ = {isa = PBXFileReference; lastKnownFileType = sourcecode.swift; path = AuthViewModel.swift; sourceTree = "<group>"; };
		E7E2CB492CE7869A003FA20E /* AuthView.swift */ = {isa = PBXFileReference; lastKnownFileType = sourcecode.swift; path = AuthView.swift; sourceTree = "<group>"; };
/* End PBXFileReference section */

/* Begin PBXFrameworksBuildPhase section */
		E7E2CB282CE7834D003FA20E /* Frameworks */ = {
			isa = PBXFrameworksBuildPhase;
			buildActionMask = 2147483647;
			files = (
				E7E2CB422CE7863B003FA20E /* Alamofire in Frameworks */,
			);
			runOnlyForDeploymentPostprocessing = 0;
		};
/* End PBXFrameworksBuildPhase section */

/* Begin PBXGroup section */
		E7E2CB222CE7834D003FA20E = {
			isa = PBXGroup;
			children = (
				E7E2CB2D2CE7834D003FA20E /* HabitSync */,
				E7E2CB2C2CE7834D003FA20E /* Products */,
			);
			sourceTree = "<group>";
		};
		E7E2CB2C2CE7834D003FA20E /* Products */ = {
			isa = PBXGroup;
			children = (
				E7E2CB2B2CE7834D003FA20E /* HabitSync.app */,
			);
			name = Products;
			sourceTree = "<group>";
		};
		E7E2CB2D2CE7834D003FA20E /* HabitSync */ = {
			isa = PBXGroup;
			children = (
				E7E2CB3F2CE78414003FA20E /* Services */,
				E7E2CB3E2CE7840A003FA20E /* Models */,
				E7E2CB3D2CE783A5003FA20E /* ViewModels */,
				E7E2CB3C2CE7835E003FA20E /* Views */,
				E7E2CB2E2CE7834D003FA20E /* HabitSyncApp.swift */,
				E7E2CB322CE78350003FA20E /* Assets.xcassets */,
				E7E2CB342CE78350003FA20E /* Preview Content */,
			);
			path = HabitSync;
			sourceTree = "<group>";
		};
		E7E2CB342CE78350003FA20E /* Preview Content */ = {
			isa = PBXGroup;
			children = (
				E7E2CB352CE78350003FA20E /* Preview Assets.xcassets */,
			);
			path = "Preview Content";
			sourceTree = "<group>";
		};
		E7E2CB3C2CE7835E003FA20E /* Views */ = {
			isa = PBXGroup;
			children = (
				E7E2CB492CE7869A003FA20E /* AuthView.swift */,
			);
			path = Views;
			sourceTree = "<group>";
		};
		E7E2CB3D2CE783A5003FA20E /* ViewModels */ = {
			isa = PBXGroup;
			children = (
				E7E2CB472CE7867E003FA20E /* AuthViewModel.swift */,
			);
			path = ViewModels;
			sourceTree = "<group>";
		};
		E7E2CB3E2CE7840A003FA20E /* Models */ = {
			isa = PBXGroup;
			children = (
				E7E2CB452CE78650003FA20E /* User.swift */,
			);
			path = Models;
			sourceTree = "<group>";
		};
		E7E2CB3F2CE78414003FA20E /* Services */ = {
			isa = PBXGroup;
			children = (
			);
			path = Services;
			sourceTree = "<group>";
		};
/* End PBXGroup section */

/* Begin PBXNativeTarget section */
		E7E2CB2A2CE7834D003FA20E /* HabitSync */ = {
			isa = PBXNativeTarget;
			buildConfigurationList = E7E2CB392CE78350003FA20E /* Build configuration list for PBXNativeTarget "HabitSync" */;
			buildPhases = (
				E7E2CB272CE7834D003FA20E /* Sources */,
				E7E2CB282CE7834D003FA20E /* Frameworks */,
				E7E2CB292CE7834D003FA20E /* Resources */,
				E7E2CB4C2CE79221003FA20E /* Embed Frameworks */,
			);
			buildRules = (
			);
			dependencies = (
			);
			name = HabitSync;
			packageProductDependencies = (
				E7E2CB412CE7863B003FA20E /* Alamofire */,
			);
			productName = HabitSync;
			productReference = E7E2CB2B2CE7834D003FA20E /* HabitSync.app */;
			productType = "com.apple.product-type.application";
		};
/* End PBXNativeTarget section */

/* Begin PBXProject section */
		E7E2CB232CE7834D003FA20E /* Project object */ = {
			isa = PBXProject;
			attributes = {
				BuildIndependentTargetsInParallel = 1;
				LastSwiftUpdateCheck = 1540;
				LastUpgradeCheck = 1540;
				TargetAttributes = {
					E7E2CB2A2CE7834D003FA20E = {
						CreatedOnToolsVersion = 15.4;
					};
				};
			};
			buildConfigurationList = E7E2CB262CE7834D003FA20E /* Build configuration list for PBXProject "HabitSync" */;
			compatibilityVersion = "Xcode 14.0";
			developmentRegion = en;
			hasScannedForEncodings = 0;
			knownRegions = (
				en,
				Base,
			);
			mainGroup = E7E2CB222CE7834D003FA20E;
			packageReferences = (
				E7E2CB402CE7863A003FA20E /* XCRemoteSwiftPackageReference "Alamofire" */,
			);
			productRefGroup = E7E2CB2C2CE7834D003FA20E /* Products */;
			projectDirPath = "";
			projectRoot = "";
			targets = (
				E7E2CB2A2CE7834D003FA20E /* HabitSync */,
			);
		};
/* End PBXProject section */

/* Begin PBXResourcesBuildPhase section */
		E7E2CB292CE7834D003FA20E /* Resources */ = {
			isa = PBXResourcesBuildPhase;
			buildActionMask = 2147483647;
			files = (
				E7E2CB362CE78350003FA20E /* Preview Assets.xcassets in Resources */,
				E7E2CB332CE78350003FA20E /* Assets.xcassets in Resources */,
			);
			runOnlyForDeploymentPostprocessing = 0;
		};
/* End PBXResourcesBuildPhase section */

/* Begin PBXSourcesBuildPhase section */
		E7E2CB272CE7834D003FA20E /* Sources */ = {
			isa = PBXSourcesBuildPhase;
			buildActionMask = 2147483647;
			files = (
				E7E2CB482CE7867E003FA20E /* AuthViewModel.swift in Sources */,
				E7E2CB4A2CE7869A003FA20E /* AuthView.swift in Sources */,
				E7E2CB2F2CE7834D003FA20E /* HabitSyncApp.swift in Sources */,
				E7E2CB462CE78650003FA20E /* User.swift in Sources */,
			);
			runOnlyForDeploymentPostprocessing = 0;
		};
/* End PBXSourcesBuildPhase section */

/* Begin XCBuildConfiguration section */
		E7E2CB372CE78350003FA20E /* Debug */ = {
			isa = XCBuildConfiguration;
			buildSettings = {
				ALWAYS_SEARCH_USER_PATHS = NO;
				ASSETCATALOG_COMPILER_GENERATE_SWIFT_ASSET_SYMBOL_EXTENSIONS = YES;
				CLANG_ANALYZER_NONNULL = YES;
				CLANG_ANALYZER_NUMBER_OBJECT_CONVERSION = YES_AGGRESSIVE;
				CLANG_CXX_LANGUAGE_STANDARD = "gnu++20";
				CLANG_ENABLE_MODULES = YES;
				CLANG_ENABLE_OBJC_ARC = YES;
				CLANG_ENABLE_OBJC_WEAK = YES;
				CLANG_WARN_BLOCK_CAPTURE_AUTORELEASING = YES;
				CLANG_WARN_BOOL_CONVERSION = YES;
				CLANG_WARN_COMMA = YES;
				CLANG_WARN_CONSTANT_CONVERSION = YES;
				CLANG_WARN_DEPRECATED_OBJC_IMPLEMENTATIONS = YES;
				CLANG_WARN_DIRECT_OBJC_ISA_USAGE = YES_ERROR;
				CLANG_WARN_DOCUMENTATION_COMMENTS = YES;
				CLANG_WARN_EMPTY_BODY = YES;
				CLANG_WARN_ENUM_CONVERSION = YES;
				CLANG_WARN_INFINITE_RECURSION = YES;
				CLANG_WARN_INT_CONVERSION = YES;
				CLANG_WARN_NON_LITERAL_NULL_CONVERSION = YES;
				CLANG_WARN_OBJC_IMPLICIT_RETAIN_SELF = YES;
				CLANG_WARN_OBJC_LITERAL_CONVERSION = YES;
				CLANG_WARN_OBJC_ROOT_CLASS = YES_ERROR;
				CLANG_WARN_QUOTED_INCLUDE_IN_FRAMEWORK_HEADER = YES;
				CLANG_WARN_RANGE_LOOP_ANALYSIS = YES;
				CLANG_WARN_STRICT_PROTOTYPES = YES;
				CLANG_WARN_SUSPICIOUS_MOVE = YES;
				CLANG_WARN_UNGUARDED_AVAILABILITY = YES_AGGRESSIVE;
				CLANG_WARN_UNREACHABLE_CODE = YES;
				CLANG_WARN__DUPLICATE_METHOD_MATCH = YES;
				COPY_PHASE_STRIP = NO;
				DEBUG_INFORMATION_FORMAT = dwarf;
				ENABLE_STRICT_OBJC_MSGSEND = YES;
				ENABLE_TESTABILITY = YES;
				ENABLE_USER_SCRIPT_SANDBOXING = YES;
				GCC_C_LANGUAGE_STANDARD = gnu17;
				GCC_DYNAMIC_NO_PIC = NO;
				GCC_NO_COMMON_BLOCKS = YES;
				GCC_OPTIMIZATION_LEVEL = 0;
				GCC_PREPROCESSOR_DEFINITIONS = (
					"DEBUG=1",
					"$(inherited)",
				);
				GCC_WARN_64_TO_32_BIT_CONVERSION = YES;
				GCC_WARN_ABOUT_RETURN_TYPE = YES_ERROR;
				GCC_WARN_UNDECLARED_SELECTOR = YES;
				GCC_WARN_UNINITIALIZED_AUTOS = YES_AGGRESSIVE;
				GCC_WARN_UNUSED_FUNCTION = YES;
				GCC_WARN_UNUSED_VARIABLE = YES;
				IPHONEOS_DEPLOYMENT_TARGET = 17.5;
				LOCALIZATION_PREFERS_STRING_CATALOGS = YES;
				MTL_ENABLE_DEBUG_INFO = INCLUDE_SOURCE;
				MTL_FAST_MATH = YES;
				ONLY_ACTIVE_ARCH = YES;
				SDKROOT = iphoneos;
				SWIFT_ACTIVE_COMPILATION_CONDITIONS = "DEBUG $(inherited)";
				SWIFT_OPTIMIZATION_LEVEL = "-Onone";
			};
			name = Debug;
		};
		E7E2CB382CE78350003FA20E /* Release */ = {
			isa = XCBuildConfiguration;
			buildSettings = {
				ALWAYS_SEARCH_USER_PATHS = NO;
				ASSETCATALOG_COMPILER_GENERATE_SWIFT_ASSET_SYMBOL_EXTENSIONS = YES;
				CLANG_ANALYZER_NONNULL = YES;
				CLANG_ANALYZER_NUMBER_OBJECT_CONVERSION = YES_AGGRESSIVE;
				CLANG_CXX_LANGUAGE_STANDARD = "gnu++20";
				CLANG_ENABLE_MODULES = YES;
				CLANG_ENABLE_OBJC_ARC = YES;
				CLANG_ENABLE_OBJC_WEAK = YES;
				CLANG_WARN_BLOCK_CAPTURE_AUTORELEASING = YES;
				CLANG_WARN_BOOL_CONVERSION = YES;
				CLANG_WARN_COMMA = YES;
				CLANG_WARN_CONSTANT_CONVERSION = YES;
				CLANG_WARN_DEPRECATED_OBJC_IMPLEMENTATIONS = YES;
				CLANG_WARN_DIRECT_OBJC_ISA_USAGE = YES_ERROR;
				CLANG_WARN_DOCUMENTATION_COMMENTS = YES;
				CLANG_WARN_EMPTY_BODY = YES;
				CLANG_WARN_ENUM_CONVERSION = YES;
				CLANG_WARN_INFINITE_RECURSION = YES;
				CLANG_WARN_INT_CONVERSION = YES;
				CLANG_WARN_NON_LITERAL_NULL_CONVERSION = YES;
				CLANG_WARN_OBJC_IMPLICIT_RETAIN_SELF = YES;
				CLANG_WARN_OBJC_LITERAL_CONVERSION = YES;
				CLANG_WARN_OBJC_ROOT_CLASS = YES_ERROR;
				CLANG_WARN_QUOTED_INCLUDE_IN_FRAMEWORK_HEADER = YES;
				CLANG_WARN_RANGE_LOOP_ANALYSIS = YES;
				CLANG_WARN_STRICT_PROTOTYPES = YES;
				CLANG_WARN_SUSPICIOUS_MOVE = YES;
				CLANG_WARN_UNGUARDED_AVAILABILITY = YES_AGGRESSIVE;
				CLANG_WARN_UNREACHABLE_CODE = YES;
				CLANG_WARN__DUPLICATE_METHOD_MATCH = YES;
				COPY_PHASE_STRIP = NO;
				DEBUG_INFORMATION_FORMAT = "dwarf-with-dsym";
				ENABLE_NS_ASSERTIONS = NO;
				ENABLE_STRICT_OBJC_MSGSEND = YES;
				ENABLE_USER_SCRIPT_SANDBOXING = YES;
				GCC_C_LANGUAGE_STANDARD = gnu17;
				GCC_NO_COMMON_BLOCKS = YES;
				GCC_WARN_64_TO_32_BIT_CONVERSION = YES;
				GCC_WARN_ABOUT_RETURN_TYPE = YES_ERROR;
				GCC_WARN_UNDECLARED_SELECTOR = YES;
				GCC_WARN_UNINITIALIZED_AUTOS = YES_AGGRESSIVE;
				GCC_WARN_UNUSED_FUNCTION = YES;
				GCC_WARN_UNUSED_VARIABLE = YES;
				IPHONEOS_DEPLOYMENT_TARGET = 17.5;
				LOCALIZATION_PREFERS_STRING_CATALOGS = YES;
				MTL_ENABLE_DEBUG_INFO = NO;
				MTL_FAST_MATH = YES;
				SDKROOT = iphoneos;
				SWIFT_COMPILATION_MODE = wholemodule;
				VALIDATE_PRODUCT = YES;
			};
			name = Release;
		};
		E7E2CB3A2CE78350003FA20E /* Debug */ = {
			isa = XCBuildConfiguration;
			buildSettings = {
				ASSETCATALOG_COMPILER_APPICON_NAME = AppIcon;
				ASSETCATALOG_COMPILER_GLOBAL_ACCENT_COLOR_NAME = AccentColor;
				CODE_SIGN_STYLE = Automatic;
				CURRENT_PROJECT_VERSION = 1;
				DEVELOPMENT_ASSET_PATHS = "\"HabitSync/Preview Content\"";
				DEVELOPMENT_TEAM = GNY2A3KTQP;
				ENABLE_PREVIEWS = YES;
				GENERATE_INFOPLIST_FILE = YES;
				INFOPLIST_KEY_UIApplicationSceneManifest_Generation = YES;
				INFOPLIST_KEY_UIApplicationSupportsIndirectInputEvents = YES;
				INFOPLIST_KEY_UILaunchScreen_Generation = YES;
				INFOPLIST_KEY_UISupportedInterfaceOrientations_iPad = "UIInterfaceOrientationPortrait UIInterfaceOrientationPortraitUpsideDown UIInterfaceOrientationLandscapeLeft UIInterfaceOrientationLandscapeRight";
				INFOPLIST_KEY_UISupportedInterfaceOrientations_iPhone = "UIInterfaceOrientationPortrait UIInterfaceOrientationLandscapeLeft UIInterfaceOrientationLandscapeRight";
				IPHONEOS_DEPLOYMENT_TARGET = 16.0;
				LD_RUNPATH_SEARCH_PATHS = (
					"$(inherited)",
					"@executable_path/Frameworks",
				);
				MARKETING_VERSION = 1.0;
				PRODUCT_BUNDLE_IDENTIFIER = kz.YK.HabitSync;
				PRODUCT_NAME = "$(TARGET_NAME)";
				SUPPORTED_PLATFORMS = "iphoneos iphonesimulator";
				SUPPORTS_MACCATALYST = NO;
				SUPPORTS_MAC_DESIGNED_FOR_IPHONE_IPAD = NO;
				SUPPORTS_XR_DESIGNED_FOR_IPHONE_IPAD = NO;
				SWIFT_EMIT_LOC_STRINGS = YES;
				SWIFT_VERSION = 5.0;
				TARGETED_DEVICE_FAMILY = "1,2";
			};
			name = Debug;
		};
		E7E2CB3B2CE78350003FA20E /* Release */ = {
			isa = XCBuildConfiguration;
			buildSettings = {
				ASSETCATALOG_COMPILER_APPICON_NAME = AppIcon;
				ASSETCATALOG_COMPILER_GLOBAL_ACCENT_COLOR_NAME = AccentColor;
				CODE_SIGN_STYLE = Automatic;
				CURRENT_PROJECT_VERSION = 1;
				DEVELOPMENT_ASSET_PATHS = "\"HabitSync/Preview Content\"";
				DEVELOPMENT_TEAM = GNY2A3KTQP;
				ENABLE_PREVIEWS = YES;
				GENERATE_INFOPLIST_FILE = YES;
				INFOPLIST_KEY_UIApplicationSceneManifest_Generation = YES;
				INFOPLIST_KEY_UIApplicationSupportsIndirectInputEvents = YES;
				INFOPLIST_KEY_UILaunchScreen_Generation = YES;
				INFOPLIST_KEY_UISupportedInterfaceOrientations_iPad = "UIInterfaceOrientationPortrait UIInterfaceOrientationPortraitUpsideDown UIInterfaceOrientationLandscapeLeft UIInterfaceOrientationLandscapeRight";
				INFOPLIST_KEY_UISupportedInterfaceOrientations_iPhone = "UIInterfaceOrientationPortrait UIInterfaceOrientationLandscapeLeft UIInterfaceOrientationLandscapeRight";
				IPHONEOS_DEPLOYMENT_TARGET = 16.0;
				LD_RUNPATH_SEARCH_PATHS = (
					"$(inherited)",
					"@executable_path/Frameworks",
				);
				MARKETING_VERSION = 1.0;
				PRODUCT_BUNDLE_IDENTIFIER = kz.YK.HabitSync;
				PRODUCT_NAME = "$(TARGET_NAME)";
				SUPPORTED_PLATFORMS = "iphoneos iphonesimulator";
				SUPPORTS_MACCATALYST = NO;
				SUPPORTS_MAC_DESIGNED_FOR_IPHONE_IPAD = NO;
				SUPPORTS_XR_DESIGNED_FOR_IPHONE_IPAD = NO;
				SWIFT_EMIT_LOC_STRINGS = YES;
				SWIFT_VERSION = 5.0;
				TARGETED_DEVICE_FAMILY = "1,2";
			};
			name = Release;
		};
/* End XCBuildConfiguration section */

/* Begin XCConfigurationList section */
		E7E2CB262CE7834D003FA20E /* Build configuration list for PBXProject "HabitSync" */ = {
			isa = XCConfigurationList;
			buildConfigurations = (
				E7E2CB372CE78350003FA20E /* Debug */,
				E7E2CB382CE78350003FA20E /* Release */,
			);
			defaultConfigurationIsVisible = 0;
			defaultConfigurationName = Release;
		};
		E7E2CB392CE78350003FA20E /* Build configuration list for PBXNativeTarget "HabitSync" */ = {
			isa = XCConfigurationList;
			buildConfigurations = (
				E7E2CB3A2CE78350003FA20E /* Debug */,
				E7E2CB3B2CE78350003FA20E /* Release */,
			);
			defaultConfigurationIsVisible = 0;
			defaultConfigurationName = Release;
		};
/* End XCConfigurationList section */

/* Begin XCRemoteSwiftPackageReference section */
		E7E2CB402CE7863A003FA20E /* XCRemoteSwiftPackageReference "Alamofire" */ = {
			isa = XCRemoteSwiftPackageReference;
			repositoryURL = "https://github.com/Alamofire/Alamofire";
			requirement = {
				kind = upToNextMajorVersion;
				minimumVersion = 5.10.1;
			};
		};
/* End XCRemoteSwiftPackageReference section */

/* Begin XCSwiftPackageProductDependency section */
		E7E2CB412CE7863B003FA20E /* Alamofire */ = {
			isa = XCSwiftPackageProductDependency;
			package = E7E2CB402CE7863A003FA20E /* XCRemoteSwiftPackageReference "Alamofire" */;
			productName = Alamofire;
		};
/* End XCSwiftPackageProductDependency section */
	};
	rootObject = E7E2CB232CE7834D003FA20E /* Project object */;
}
